{
  "name": "ar-demo",
  "version": "1.0.0",
  "lockfileVersion": 3,
  "requires": true,
  "packages": {
    "": {
      "name": "ar-demo",
      "version": "1.0.0",
      "license": "ISC",
      "dependencies": {
        "@google/model-viewer": "^4.3.1"
      }
    },
    "node_modules/@google/model-viewer": {
      "version": "4.3.1",
      "resolved": "https://registry.npmjs.org/@google/model-viewer/-/model-viewer-4.3.1.tgz",
      "integrity": "sha512-GP+inXhAtY31E8rILVmByA6z8CZZjdlNajddppyI1/j1eIaSQiZcMRaUqTFe7+jv4mzRzwKIOiKBud0apiv+WQ==",
      "license": "Apache-2.0",
      "dependencies": {
        "@monogrid/gainmap-js": "^3.1.0",
        "lit": "^3.2.1"
      },
      "engines": {
        "node": ">=6.0.0"
      },
      "peerDependencies": {
        "three": "^0.183.0"
      }
    },
    "node_modules/@lit-labs/ssr-dom-shim": {
      "version": "1.6.0",
      "resolved": "https://registry.npmjs.org/@lit-labs/ssr-dom-shim/-/ssr-dom-shim-1.6.0.tgz",
      "integrity": "sha512-VHb0ALPMTlgKjM6yIxxoQNnpKyUKLD04VzeQdsiXkMqkvYlAHxq9glGLmgbb889/1GsohSOAjvQYoiBppXFqrQ==",
      "license": "BSD-3-Clause"
    },
    "node_modules/@lit/reactive-element": {
      "version": "2.1.2",
      "resolved": "https://registry.npmjs.org/@lit/reactive-element/-/reactive-element-2.1.2.tgz",
      "integrity": "sha512-pbCDiVMnne1lYUIaYNN5wrwQXDtHaYtg7YEFPeW+hws6U47WeFvISGUWekPGKWOP1ygrs0ef0o1VJMk1exos5A==",
      "license": "BSD-3-Clause",
      "dependencies": {
        "@lit-labs/ssr-dom-shim": "^1.5.0"
      }
    },
    "node_modules/@monogrid/gainmap-js": {
      "version": "3.4.0",
      "resolved": "https://registry.npmjs.org/@monogrid/gainmap-js/-/gainmap-js-3.4.0.tgz",
      "integrity": "sha512-2Z0FATFHaoYJ8b+Y4y4Hgfn3FRFwuU5zRrk+9dFWp4uGAdHGqVEdP7HP+gLA3X469KXHmfupJaUbKo1b/aDKIg==",
      "license": "MIT",
      "dependencies": {
        "promise-worker-transferable": "^1.0.4"
      },
      "peerDependencies": {
        "three": ">= 0.159.0"
      }
    },
    "node_modules/@types/trusted-types": {
      "version": "2.0.7",
      "resolved": "https://registry.npmjs.org/@types/trusted-types/-/trusted-types-2.0.7.tgz",
      "integrity": "sha512-ScaPdn1dQczgbl0QFTeTOmVHFULt394XJgOQNoyVhZ6r2vLnMLJfBPd53SB52T/3G36VI1/g2MZaX0cwDuXsfw==",
      "license": "MIT"
    },
    "node_modules/immediate": {
      "version": "3.0.6",
      "resolved": "https://registry.npmjs.org/immediate/-/immediate-3.0.6.tgz",
      "integrity": "sha512-XXOFtyqDjNDAQxVfYxuF7g9Il/IbWmmlQg2MYKOH8ExIT1qg6xc4zyS3HaEEATgs1btfzxq15ciUiY7gjSXRGQ==",
      "license": "MIT"
    },
    "node_modules/is-promise": {
      "version": "2.2.2",
      "resolved": "https://registry.npmjs.org/is-promise/-/is-promise-2.2.2.tgz",
      "integrity": "sha512-+lP4/6lKUBfQjZ2pdxThZvLUAafmZb8OAxFb8XXtiQmS35INgr85hdOGoEs124ez1FCnZJt6jau/T+alh58QFQ==",
      "license": "MIT"
    },
    "node_modules/lie": {
      "version": "3.3.0",
      "resolved": "https://registry.npmjs.org/lie/-/lie-3.3.0.tgz",
      "integrity": "sha512-UaiMJzeWRlEujzAuw5LokY1L5ecNQYZKfmyZ9L7wDHb/p5etKaxXhohBcrw0EYby+G/NA52vRSN4N39dxHAIwQ==",
      "license": "MIT",
      "dependencies": {
        "immediate": "~3.0.5"
      }
    },
    "node_modules/lit": {
      "version": "3.3.3",
      "resolved": "https://registry.npmjs.org/lit/-/lit-3.3.3.tgz",
      "integrity": "sha512-fycuvZg/hkpozL00lm1pEJH5nN/lr9ZXd6mJI2HSN4+Bzc+LDNdEApJ6HFbPkdFNHLvOplIIuJvxkS4XUxqirw==",
      "license": "BSD-3-Clause",
      "dependencies": {
        "@lit/reactive-element": "^2.1.0",
        "lit-element": "^4.2.0",
        "lit-html": "^3.3.0"
      }
    },
    "node_modules/lit-element": {
      "version": "4.2.2",
      "resolved": "https://registry.npmjs.org/lit-element/-/lit-element-4.2.2.tgz",
      "integrity": "sha512-aFKhNToWxoyhkNDmWZwEva2SlQia+jfG0fjIWV//YeTaWrVnOxD89dPKfigCUspXFmjzOEUQpOkejH5Ly6sG0w==",
      "license": "BSD-3-Clause",
      "dependencies": {
        "@lit-labs/ssr-dom-shim": "^1.5.0",
        "@lit/reactive-element": "^2.1.0",
        "lit-html": "^3.3.0"
      }
    },
    "node_modules/lit-html": {
      "version": "3.3.3",
      "resolved": "https://registry.npmjs.org/lit-html/-/lit-html-3.3.3.tgz",
      "integrity": "sha512-el8M6jK2o3RXBnrSHX3ZKrsN8zEV63pSExTO1wYJz7QndGYZ8353e2a5PPX+qHe2aGayfnchQmkAojaWAREOIA==",
      "license": "BSD-3-Clause",
      "dependencies": {
        "@types/trusted-types": "^2.0.2"
      }
    },
    "node_modules/promise-worker-transferable": {
      "version": "1.0.4",
      "resolved": "https://registry.npmjs.org/promise-worker-transferable/-/promise-worker-transferable-1.0.4.tgz",
      "integrity": "sha512-bN+0ehEnrXfxV2ZQvU2PetO0n4gqBD4ulq3MI1WOPLgr7/Mg9yRQkX5+0v1vagr74ZTsl7XtzlaYDo2EuCeYJw==",
      "license": "Apache-2.0",
      "dependencies": {
        "is-promise": "^2.1.0",
        "lie": "^3.0.2"
      }
    },
    "node_modules/three": {
      "version": "0.183.2",
      "resolved": "https://registry.npmjs.org/three/-/three-0.183.2.tgz",
      "integrity": "sha512-di3BsL2FEQ1PA7Hcvn4fyJOlxRRgFYBpMTcyOgkwJIaDOdJMebEFPA+t98EvjuljDx4hNulAGwF6KIjtwI5jgQ==",
      "license": "MIT",
      "peer": true
    }
  }
}
